// !$*UTF8*$!
{
	archiveVersion = 1;
	classes = {
	};
	objectVersion = 46;
	objects = {

/* Begin PBXBuildFile section */
		81AF1BD61C2318A9007A379D /* main.m in Sources */ = {isa = PBXBuildFile; fileRef = 81AF1BD51C2318A9007A379D /* main.m */; };
		81AF1BD91C2318A9007A379D /* AppDelegate.m in Sources */ = {isa = PBXBuildFile; fileRef = 81AF1BD81C2318A9007A379D /* AppDelegate.m */; };
		81AF1BDC1C2318A9007A379D /* TutrialViewController.m in Sources */ = {isa = PBXBuildFile; fileRef = 81AF1BDB1C2318A9007A379D /* TutrialViewController.m */; };
		81AF1BDF1C2318A9007A379D /* Main.storyboard in Resources */ = {isa = PBXBuildFile; fileRef = 81AF1BDD1C2318A9007A379D /* Main.storyboard */; };
		81AF1BE21C2318A9007A379D /* tutrial_demo_2.xcdatamodeld in Sources */ = {isa = PBXBuildFile; fileRef = 81AF1BE01C2318A9007A379D /* tutrial_demo_2.xcdatamodeld */; };
		81AF1BE41C2318A9007A379D /* Assets.xcassets in Resources */ = {isa = PBXBuildFile; fileRef = 81AF1BE31C2318A9007A379D /* Assets.xcassets */; };
		81AF1BE71C2318A9007A379D /* LaunchScreen.storyboard in Resources */ = {isa = PBXBuildFile; fileRef = 81AF1BE51C2318A9007A379D /* LaunchScreen.storyboard */; };
		81AF1BF21C2318A9007A379D /* tutrial_demo_2Tests.m in Sources */ = {isa = PBXBuildFile; fileRef = 81AF1BF11C2318A9007A379D /* tutrial_demo_2Tests.m */; };
		81AF1BFD1C2318A9007A379D /* tutrial_demo_2UITests.m in Sources */ = {isa = PBXBuildFile; fileRef = 81AF1BFC1C2318A9007A379D /* tutrial_demo_2UITests.m */; };
		81BC83171C231E4B003A171A /* Blue.png in Resources */ = {isa = PBXBuildFile; fileRef = 81BC83161C231E4B003A171A /* Blue.png */; };
		81BC831A1C231E52003A171A /* Green.png in Resources */ = {isa = PBXBuildFile; fileRef = 81BC83181C231E52003A171A /* Green.png */; };
		81BC831B1C231E52003A171A /* Red.png in Resources */ = {isa = PBXBuildFile; fileRef = 81BC83191C231E52003A171A /* Red.png */; };
		81BC83201C231E5A003A171A /* onlyBuleMan.png in Resources */ = {isa = PBXBuildFile; fileRef = 81BC831C1C231E5A003A171A /* onlyBuleMan.png */; };
		81BC83211C231E5A003A171A /* onlyGreenMan.png in Resources */ = {isa = PBXBuildFile; fileRef = 81BC831D1C231E5A003A171A /* onlyGreenMan.png */; };
		81BC83221C231E5A003A171A /* onlyiPhone.png in Resources */ = {isa = PBXBuildFile; fileRef = 81BC831E1C231E5A003A171A /* onlyiPhone.png */; };
		81BC83231C231E5A003A171A /* onlyRedMan.png in Resources */ = {isa = PBXBuildFile; fileRef = 81BC831F1C231E5A003A171A /* onlyRedMan.png */; };
		81BC83251C231E61003A171A /* close.png in Resources */ = {isa = PBXBuildFile; fileRef = 81BC83241C231E61003A171A /* close.png */; };
/* End PBXBuildFile section */

/* Begin PBXContainerItemProxy section */
		81AF1BEE1C2318A9007A379D /* PBXContainerItemProxy */ = {
			isa = PBXContainerItemProxy;
			containerPortal = 81AF1BC91C2318A9007A379D /* Project object */;
			proxyType = 1;
			remoteGlobalIDString = 81AF1BD01C2318A9007A379D;
			remoteInfo = tutrial_demo_2;
		};
		81AF1BF91C2318A9007A379D /* PBXContainerItemProxy */ = {
			isa = PBXContainerItemProxy;
			containerPortal = 81AF1BC91C2318A9007A379D /* Project object */;
			proxyType = 1;
			remoteGlobalIDString = 81AF1BD01C2318A9007A379D;
			remoteInfo = tutrial_demo_2;
		};
/* End PBXContainerItemProxy section */

/* Begin PBXFileReference section */
		81AF1BD11C2318A9007A379D /* tutrial_demo_2.app */ = {isa = PBXFileReference; explicitFileType = wrapper.application; includeInIndex = 0; path = tutrial_demo_2.app; sourceTree = BUILT_PRODUCTS_DIR; };
		81AF1BD51C2318A9007A379D /* main.m */ = {isa = PBXFileReference; lastKnownFileType = sourcecode.c.objc; path = main.m; sourceTree = "<group>"; };
		81AF1BD71C2318A9007A379D /* AppDelegate.h */ = {isa = PBXFileReference; lastKnownFileType = sourcecode.c.h; path = AppDelegate.h; sourceTree = "<group>"; };
		81AF1BD81C2318A9007A379D /* AppDelegate.m */ = {isa = PBXFileReference; lastKnownFileType = sourcecode.c.objc; path = AppDelegate.m; sourceTree = "<group>"; };
		81AF1BDA1C2318A9007A379D /* TutrialViewController.h */ = {isa = PBXFileReference; lastKnownFileType = sourcecode.c.h; path = TutrialViewController.h; sourceTree = "<group>"; };
		81AF1BDB1C2318A9007A379D /* TutrialViewController.m */ = {isa = PBXFileReference; lastKnownFileType = sourcecode.c.objc; path = TutrialViewController.m; sourceTree = "<group>"; };
		81AF1BDE1C2318A9007A379D /* Base */ = {isa = PBXFileReference; lastKnownFileType = file.storyboard; name = Base; path = Base.lproj/Main.storyboard; sourceTree = "<group>"; };
		81AF1BE11C2318A9007A379D /* tutrial_demo_2.xcdatamodel */ = {isa = PBXFileReference; lastKnownFileType = wrapper.xcdatamodel; path = tutrial_demo_2.xcdatamodel; sourceTree = "<group>"; };
		81AF1BE31C2318A9007A379D /* Assets.xcassets */ = {isa = PBXFileReference; lastKnownFileType = folder.assetcatalog; path = Assets.xcassets; sourceTree = "<group>"; };
		81AF1BE61C2318A9007A379D /* Base */ = {isa = PBXFileReference; lastKnownFileType = file.storyboard; name = Base; path = Base.lproj/LaunchScreen.storyboard; sourceTree = "<group>"; };
		81AF1BE81C2318A9007A379D /* Info.plist */ = {isa = PBXFileReference; lastKnownFileType = text.plist.xml; path = Info.plist; sourceTree = "<group>"; };
		81AF1BED1C2318A9007A379D /* tutrial_demo_2Tests.xctest */ = {isa = PBXFileReference; explicitFileType = wrapper.cfbundle; includeInIndex = 0; path = tutrial_demo_2Tests.xctest; sourceTree = BUILT_PRODUCTS_DIR; };
		81AF1BF11C2318A9007A379D /* tutrial_demo_2Tests.m */ = {isa = PBXFileReference; lastKnownFileType = sourcecode.c.objc; path = tutrial_demo_2Tests.m; sourceTree = "<group>"; };
		81AF1BF31C2318A9007A379D /* Info.plist */ = {isa = PBXFileReference; lastKnownFileType = text.plist.xml; path = Info.plist; sourceTree = "<group>"; };
		81AF1BF81C2318A9007A379D /* tutrial_demo_2UITests.xctest */ = {isa = PBXFileReference; explicitFileType = wrapper.cfbundle; includeInIndex = 0; path = tutrial_demo_2UITests.xctest; sourceTree = BUILT_PRODUCTS_DIR; };
		81AF1BFC1C2318A9007A379D /* tutrial_demo_2UITests.m */ = {isa = PBXFileReference; lastKnownFileType = sourcecode.c.objc; path = tutrial_demo_2UITests.m; sourceTree = "<group>"; };
		81AF1BFE1C2318A9007A379D /* Info.plist */ = {isa = PBXFileReference; lastKnownFileType = text.plist.xml; path = Info.plist; sourceTree = "<group>"; };
		81BC83161C231E4B003A171A /* Blue.png */ = {isa = PBXFileReference; lastKnownFileType = image.png; path = Blue.png; sourceTree = "<group>"; };
		81BC83181C231E52003A171A /* Green.png */ = {isa = PBXFileReference; lastKnownFileType = image.png; path = Green.png; sourceTree = "<group>"; };
		81BC83191C231E52003A171A /* Red.png */ = {isa = PBXFileReference; lastKnownFileType = image.png; path = Red.png; sourceTree = "<group>"; };
		81BC831C1C231E5A003A171A /* onlyBuleMan.png */ = {isa = PBXFileReference; lastKnownFileType = image.png; path = onlyBuleMan.png; sourceTree = "<group>"; };
		81BC831D1C231E5A003A171A /* onlyGreenMan.png */ = {isa = PBXFileReference; lastKnownFileType = image.png; path = onlyGreenMan.png; sourceTree = "<group>"; };
		81BC831E1C231E5A003A171A /* onlyiPhone.png */ = {isa = PBXFileReference; lastKnownFileType = image.png; path = onlyiPhone.png; sourceTree = "<group>"; };
		81BC831F1C231E5A003A171A /* onlyRedMan.png */ = {isa = PBXFileReference; lastKnownFileType = image.png; path = onlyRedMan.png; sourceTree = "<group>"; };
		81BC83241C231E61003A171A /* close.png */ = {isa = PBXFileReference; lastKnownFileType = image.png; path = close.png; sourceTree = "<group>"; };
/* End PBXFileReference section */

/* Begin PBXFrameworksBuildPhase section */
		81AF1BCE1C2318A9007A379D /* Frameworks */ = {
			isa = PBXFrameworksBuildPhase;
			buildActionMask = 2147483647;
			files = (
			);
			runOnlyForDeploymentPostprocessing = 0;
		};
		81AF1BEA1C2318A9007A379D /* Frameworks */ = {
			isa = PBXFrameworksBuildPhase;
			buildActionMask = 2147483647;
			files = (
			);
			runOnlyForDeploymentPostprocessing = 0;
		};
		81AF1BF51C2318A9007A379D /* Frameworks */ = {
			isa = PBXFrameworksBuildPhase;
			buildActionMask = 2147483647;
			files = (
			);
			runOnlyForDeploymentPostprocessing = 0;
		};
/* End PBXFrameworksBuildPhase section */

/* Begin PBXGroup section */
		81AF1BC81C2318A9007A379D = {
			isa = PBXGroup;
			children = (
				81AF1BD31C2318A9007A379D /* tutrial_demo_2 */,
				81AF1BF01C2318A9007A379D /* tutrial_demo_2Tests */,
				81AF1BFB1C2318A9007A379D /* tutrial_demo_2UITests */,
				81AF1BD21C2318A9007A379D /* Products */,
			);
			sourceTree = "<group>";
		};
		81AF1BD21C2318A9007A379D /* Products */ = {
			isa = PBXGroup;
			children = (
				81AF1BD11C2318A9007A379D /* tutrial_demo_2.app */,
				81AF1BED1C2318A9007A379D /* tutrial_demo_2Tests.xctest */,
				81AF1BF81C2318A9007A379D /* tutrial_demo_2UITests.xctest */,
			);
			name = Products;
			sourceTree = "<group>";
		};
		81AF1BD31C2318A9007A379D /* tutrial_demo_2 */ = {
			isa = PBXGroup;
			children = (
				81AF1BD71C2318A9007A379D /* AppDelegate.h */,
				81AF1BD81C2318A9007A379D /* AppDelegate.m */,
				81AF1BDA1C2318A9007A379D /* TutrialViewController.h */,
				81AF1BDB1C2318A9007A379D /* TutrialViewController.m */,
				81AF1BDD1C2318A9007A379D /* Main.storyboard */,
				81AF1BE31C2318A9007A379D /* Assets.xcassets */,
				81AF1BE51C2318A9007A379D /* LaunchScreen.storyboard */,
				81AF1BE81C2318A9007A379D /* Info.plist */,
				81AF1BE01C2318A9007A379D /* tutrial_demo_2.xcdatamodeld */,
				81BC83151C231E33003A171A /* Images */,
				81AF1BD41C2318A9007A379D /* Supporting Files */,
			);
			path = tutrial_demo_2;
			sourceTree = "<group>";
		};
		81AF1BD41C2318A9007A379D /* Supporting Files */ = {
			isa = PBXGroup;
			children = (
				81AF1BD51C2318A9007A379D /* main.m */,
			);
			name = "Supporting Files";
			sourceTree = "<group>";
		};
		81AF1BF01C2318A9007A379D /* tutrial_demo_2Tests */ = {
			isa = PBXGroup;
			children = (
				81AF1BF11C2318A9007A379D /* tutrial_demo_2Tests.m */,
				81AF1BF31C2318A9007A379D /* Info.plist */,
			);
			path = tutrial_demo_2Tests;
			sourceTree = "<group>";
		};
		81AF1BFB1C2318A9007A379D /* tutrial_demo_2UITests */ = {
			isa = PBXGroup;
			children = (
				81AF1BFC1C2318A9007A379D /* tutrial_demo_2UITests.m */,
				81AF1BFE1C2318A9007A379D /* Info.plist */,
			);
			path = tutrial_demo_2UITests;
			sourceTree = "<group>";
		};
		81BC83151C231E33003A171A /* Images */ = {
			isa = PBXGroup;
			children = (
				81BC83241C231E61003A171A /* close.png */,
				81BC831E1C231E5A003A171A /* onlyiPhone.png */,
				81BC831F1C231E5A003A171A /* onlyRedMan.png */,
				81BC831C1C231E5A003A171A /* onlyBuleMan.png */,
				81BC831D1C231E5A003A171A /* onlyGreenMan.png */,
				81BC83181C231E52003A171A /* Green.png */,
				81BC83191C231E52003A171A /* Red.png */,
				81BC83161C231E4B003A171A /* Blue.png */,
			);
			name = Images;
			sourceTree = "<group>";
		};
/* End PBXGroup section */

/* Begin PBXNativeTarget section */
		81AF1BD01C2318A9007A379D /* tutrial_demo_2 */ = {
			isa = PBXNativeTarget;
			buildConfigurationList = 81AF1C011C2318A9007A379D /* Build configuration list for PBXNativeTarget "tutrial_demo_2" */;
			buildPhases = (
				81AF1BCD1C2318A9007A379D /* Sources */,
				81AF1BCE1C2318A9007A379D /* Frameworks */,
				81AF1BCF1C2318A9007A379D /* Resources */,
			);
			buildRules = (
			);
			dependencies = (
			);
			name = tutrial_demo_2;
			productName = tutrial_demo_2;
			productReference = 81AF1BD11C2318A9007A379D /* tutrial_demo_2.app */;
			productType = "com.apple.product-type.application";
		};
		81AF1BEC1C2318A9007A379D /* tutrial_demo_2Tests */ = {
			isa = PBXNativeTarget;
			buildConfigurationList = 81AF1C041C2318A9007A379D /* Build configuration list for PBXNativeTarget "tutrial_demo_2Tests" */;
			buildPhases = (
				81AF1BE91C2318A9007A379D /* Sources */,
				81AF1BEA1C2318A9007A379D /* Frameworks */,
				81AF1BEB1C2318A9007A379D /* Resources */,
			);
			buildRules = (
			);
			dependencies = (
				81AF1BEF1C2318A9007A379D /* PBXTargetDependency */,
			);
			name = tutrial_demo_2Tests;
			productName = tutrial_demo_2Tests;
			productReference = 81AF1BED1C2318A9007A379D /* tutrial_demo_2Tests.xctest */;
			productType = "com.apple.product-type.bundle.unit-test";
		};
		81AF1BF71C2318A9007A379D /* tutrial_demo_2UITests */ = {
			isa = PBXNativeTarget;
			buildConfigurationList = 81AF1C071C2318A9007A379D /* Build configuration list for PBXNativeTarget "tutrial_demo_2UITests" */;
			buildPhases = (
				81AF1BF41C2318A9007A379D /* Sources */,
				81AF1BF51C2318A9007A379D /* Frameworks */,
				81AF1BF61C2318A9007A379D /* Resources */,
			);
			buildRules = (
			);
			dependencies = (
				81AF1BFA1C2318A9007A379D /* PBXTargetDependency */,
			);
			name = tutrial_demo_2UITests;
			productName = tutrial_demo_2UITests;
			productReference = 81AF1BF81C2318A9007A379D /* tutrial_demo_2UITests.xctest */;
			productType = "com.apple.product-type.bundle.ui-testing";
		};
/* End PBXNativeTarget section */

/* Begin PBXProject section */
		81AF1BC91C2318A9007A379D /* Project object */ = {
			isa = PBXProject;
			attributes = {
				LastUpgradeCheck = 0720;
				ORGANIZATIONNAME = "Miki Takahashi";
				TargetAttributes = {
					81AF1BD01C2318A9007A379D = {
						CreatedOnToolsVersion = 7.2;
					};
					81AF1BEC1C2318A9007A379D = {
						CreatedOnToolsVersion = 7.2;
						TestTargetID = 81AF1BD01C2318A9007A379D;
					};
					81AF1BF71C2318A9007A379D = {
						CreatedOnToolsVersion = 7.2;
						TestTargetID = 81AF1BD01C2318A9007A379D;
					};
				};
			};
			buildConfigurationList = 81AF1BCC1C2318A9007A379D /* Build configuration list for PBXProject "tutrial_demo_2" */;
			compatibilityVersion = "Xcode 3.2";
			developmentRegion = English;
			hasScannedForEncodings = 0;
			knownRegions = (
				en,
				Base,
			);
			mainGroup = 81AF1BC81C2318A9007A379D;
			productRefGroup = 81AF1BD21C2318A9007A379D /* Products */;
			projectDirPath = "";
			projectRoot = "";
			targets = (
				81AF1BD01C2318A9007A379D /* tutrial_demo_2 */,
				81AF1BEC1C2318A9007A379D /* tutrial_demo_2Tests */,
				81AF1BF71C2318A9007A379D /* tutrial_demo_2UITests */,
			);
		};
/* End PBXProject section */

/* Begin PBXResourcesBuildPhase section */
		81AF1BCF1C2318A9007A379D /* Resources */ = {
			isa = PBXResourcesBuildPhase;
			buildActionMask = 2147483647;
			files = (
				81BC83231C231E5A003A171A /* onlyRedMan.png in Resources */,
				81BC83201C231E5A003A171A /* onlyBuleMan.png in Resources */,
				81AF1BE71C2318A9007A379D /* LaunchScreen.storyboard in Resources */,
				81BC83211C231E5A003A171A /* onlyGreenMan.png in Resources */,
				81AF1BE41C2318A9007A379D /* Assets.xcassets in Resources */,
				81BC83251C231E61003A171A /* close.png in Resources */,
				81AF1BDF1C2318A9007A379D /* Main.storyboard in Resources */,
				81BC831B1C231E52003A171A /* Red.png in Resources */,
				81BC83171C231E4B003A171A /* Blue.png in Resources */,
				81BC83221C231E5A003A171A /* onlyiPhone.png in Resources */,
				81BC831A1C231E52003A171A /* Green.png in Resources */,
			);
			runOnlyForDeploymentPostprocessing = 0;
		};
		81AF1BEB1C2318A9007A379D /* Resources */ = {
			isa = PBXResourcesBuildPhase;
			buildActionMask = 2147483647;
			files = (
			);
			runOnlyForDeploymentPostprocessing = 0;
		};
		81AF1BF61C2318A9007A379D /* Resources */ = {
			isa = PBXResourcesBuildPhase;
			buildActionMask = 2147483647;
			files = (
			);
			runOnlyForDeploymentPostprocessing = 0;
		};
/* End PBXResourcesBuildPhase section */

/* Begin PBXSourcesBuildPhase section */
		81AF1BCD1C2318A9007A379D /* Sources */ = {
			isa = PBXSourcesBuildPhase;
			buildActionMask = 2147483647;
			files = (
				81AF1BDC1C2318A9007A379D /* TutrialViewController.m in Sources */,
				81AF1BE21C2318A9007A379D /* tutrial_demo_2.xcdatamodeld in Sources */,
				81AF1BD91C2318A9007A379D /* AppDelegate.m in Sources */,
				81AF1BD61C2318A9007A379D /* main.m in Sources */,
			);
			runOnlyForDeploymentPostprocessing = 0;
		};
		81AF1BE91C2318A9007A379D /* Sources */ = {
			isa = PBXSourcesBuildPhase;
			buildActionMask = 2147483647;
			files = (
				81AF1BF21C2318A9007A379D /* tutrial_demo_2Tests.m in Sources */,
			);
			runOnlyForDeploymentPostprocessing = 0;
		};
		81AF1BF41C2318A9007A379D /* Sources */ = {
			isa = PBXSourcesBuildPhase;
			buildActionMask = 2147483647;
			files = (
				81AF1BFD1C2318A9007A379D /* tutrial_demo_2UITests.m in Sources */,
			);
			runOnlyForDeploymentPostprocessing = 0;
		};
/* End PBXSourcesBuildPhase section */

/* Begin PBXTargetDependency section */
		81AF1BEF1C2318A9007A379D /* PBXTargetDependency */ = {
			isa = PBXTargetDependency;
			target = 81AF1BD01C2318A9007A379D /* tutrial_demo_2 */;
			targetProxy = 81AF1BEE1C2318A9007A379D /* PBXContainerItemProxy */;
		};
		81AF1BFA1C2318A9007A379D /* PBXTargetDependency */ = {
			isa = PBXTargetDependency;
			target = 81AF1BD01C2318A9007A379D /* tutrial_demo_2 */;
			targetProxy = 81AF1BF91C2318A9007A379D /* PBXContainerItemProxy */;
		};
/* End PBXTargetDependency section */

/* Begin PBXVariantGroup section */
		81AF1BDD1C2318A9007A379D /* Main.storyboard */ = {
			isa = PBXVariantGroup;
			children = (
				81AF1BDE1C2318A9007A379D /* Base */,
			);
			name = Main.storyboard;
			sourceTree = "<group>";
		};
		81AF1BE51C2318A9007A379D /* LaunchScreen.storyboard */ = {
			isa = PBXVariantGroup;
			children = (
				81AF1BE61C2318A9007A379D /* Base */,
			);
			name = LaunchScreen.storyboard;
			sourceTree = "<group>";
		};
/* End PBXVariantGroup section */

/* Begin XCBuildConfiguration section */
		81AF1BFF1C2318A9007A379D /* Debug */ = {
			isa = XCBuildConfiguration;
			buildSettings = {
				ALWAYS_SEARCH_USER_PATHS = NO;
				CLANG_CXX_LANGUAGE_STANDARD = "gnu++0x";
				CLANG_CXX_LIBRARY = "libc++";
				CLANG_ENABLE_MODULES = YES;
				CLANG_ENABLE_OBJC_ARC = YES;
				CLANG_WARN_BOOL_CONVERSION = YES;
				CLANG_WARN_CONSTANT_CONVERSION = YES;
				CLANG_WARN_DIRECT_OBJC_ISA_USAGE = YES_ERROR;
				CLANG_WARN_EMPTY_BODY = YES;
				CLANG_WARN_ENUM_CONVERSION = YES;
				CLANG_WARN_INT_CONVERSION = YES;
				CLANG_WARN_OBJC_ROOT_CLASS = YES_ERROR;
				CLANG_WARN_UNREACHABLE_CODE = YES;
				CLANG_WARN__DUPLICATE_METHOD_MATCH = YES;
				"CODE_SIGN_IDENTITY[sdk=iphoneos*]" = "iPhone Developer";
				COPY_PHASE_STRIP = NO;
				DEBUG_INFORMATION_FORMAT = dwarf;
				ENABLE_STRICT_OBJC_MSGSEND = YES;
				ENABLE_TESTABILITY = YES;
				GCC_C_LANGUAGE_STANDARD = gnu99;
				GCC_DYNAMIC_NO_PIC = NO;
				GCC_NO_COMMON_BLOCKS = YES;
				GCC_OPTIMIZATION_LEVEL = 0;
				GCC_PREPROCESSOR_DEFINITIONS = (
					"DEBUG=1",
					"$(inherited)",
				);
				GCC_WARN_64_TO_32_BIT_CONVERSION = YES;
				GCC_WARN_ABOUT_RETURN_TYPE = YES_ERROR;
				GCC_WARN_UNDECLARED_SELECTOR = YES;
				GCC_WARN_UNINITIALIZED_AUTOS = YES_AGGRESSIVE;
				GCC_WARN_UNUSED_FUNCTION = YES;
				GCC_WARN_UNUSED_VARIABLE = YES;
				IPHONEOS_DEPLOYMENT_TARGET = 9.2;
				MTL_ENABLE_DEBUG_INFO = YES;
				ONLY_ACTIVE_ARCH = YES;
				SDKROOT = iphoneos;
				TARGETED_DEVICE_FAMILY = "1,2";
			};
			name = Debug;
		};
		81AF1C001C2318A9007A379D /* Release */ = {
			isa = XCBuildConfiguration;
			buildSettings = {
				ALWAYS_SEARCH_USER_PATHS = NO;
				CLANG_CXX_LANGUAGE_STANDARD = "gnu++0x";
				CLANG_CXX_LIBRARY = "libc++";
				CLANG_ENABLE_MODULES = YES;
				CLANG_ENABLE_OBJC_ARC = YES;
				CLANG_WARN_BOOL_CONVERSION = YES;
				CLANG_WARN_CONSTANT_CONVERSION = YES;
				CLANG_WARN_DIRECT_OBJC_ISA_USAGE = YES_ERROR;
				CLANG_WARN_EMPTY_BODY = YES;
				CLANG_WARN_ENUM_CONVERSION = YES;
				CLANG_WARN_INT_CONVERSION = YES;
				CLANG_WARN_OBJC_ROOT_CLASS = YES_ERROR;
				CLANG_WARN_UNREACHABLE_CODE = YES;
				CLANG_WARN__DUPLICATE_METHOD_MATCH = YES;
				"CODE_SIGN_IDENTITY[sdk=iphoneos*]" = "iPhone Developer";
				COPY_PHASE_STRIP = NO;
				DEBUG_INFORMATION_FORMAT = "dwarf-with-dsym";
				ENABLE_NS_ASSERTIONS = NO;
				ENABLE_STRICT_OBJC_MSGSEND = YES;
				GCC_C_LANGUAGE_STANDARD = gnu99;
				GCC_NO_COMMON_BLOCKS = YES;
				GCC_WARN_64_TO_32_BIT_CONVERSION = YES;
				GCC_WARN_ABOUT_RETURN_TYPE = YES_ERROR;
				GCC_WARN_UNDECLARED_SELECTOR = YES;
				GCC_WARN_UNINITIALIZED_AUTOS = YES_AGGRESSIVE;
				GCC_WARN_UNUSED_FUNCTION = YES;
				GCC_WARN_UNUSED_VARIABLE = YES;
				IPHONEOS_DEPLOYMENT_TARGET = 9.2;
				MTL_ENABLE_DEBUG_INFO = NO;
				SDKROOT = iphoneos;
				TARGETED_DEVICE_FAMILY = "1,2";
				VALIDATE_PRODUCT = YES;
			};
			name = Release;
		};
		81AF1C021C2318A9007A379D /* Debug */ = {
			isa = XCBuildConfiguration;
			buildSettings = {
				ASSETCATALOG_COMPILER_APPICON_NAME = AppIcon;
				INFOPLIST_FILE = tutrial_demo_2/Info.plist;
				IPHONEOS_DEPLOYMENT_TARGET = 7.1;
				LD_RUNPATH_SEARCH_PATHS = "$(inherited) @executable_path/Frameworks";
				PRODUCT_BUNDLE_IDENTIFIER = "math-miki.tutrial-demo-2";
				PRODUCT_NAME = "$(TARGET_NAME)";
			};
			name = Debug;
		};
		81AF1C031C2318A9007A379D /* Release */ = {
			isa = XCBuildConfiguration;
			buildSettings = {
				ASSETCATALOG_COMPILER_APPICON_NAME = AppIcon;
				INFOPLIST_FILE = tutrial_demo_2/Info.plist;
				IPHONEOS_DEPLOYMENT_TARGET = 7.1;
				LD_RUNPATH_SEARCH_PATHS = "$(inherited) @executable_path/Frameworks";
				PRODUCT_BUNDLE_IDENTIFIER = "math-miki.tutrial-demo-2";
				PRODUCT_NAME = "$(TARGET_NAME)";
			};
			name = Release;
		};
		81AF1C051C2318A9007A379D /* Debug */ = {
			isa = XCBuildConfiguration;
			buildSettings = {
				BUNDLE_LOADER = "$(TEST_HOST)";
				INFOPLIST_FILE = tutrial_demo_2Tests/Info.plist;
				LD_RUNPATH_SEARCH_PATHS = "$(inherited) @executable_path/Frameworks @loader_path/Frameworks";
				PRODUCT_BUNDLE_IDENTIFIER = "math-miki.tutrial-demo-2Tests";
				PRODUCT_NAME = "$(TARGET_NAME)";
				TEST_HOST = "$(BUILT_PRODUCTS_DIR)/tutrial_demo_2.app/tutrial_demo_2";
			};
			name = Debug;
		};
		81AF1C061C2318A9007A379D /* Release */ = {
			isa = XCBuildConfiguration;
			buildSettings = {
				BUNDLE_LOADER = "$(TEST_HOST)";
				INFOPLIST_FILE = tutrial_demo_2Tests/Info.plist;
				LD_RUNPATH_SEARCH_PATHS = "$(inherited) @executable_path/Frameworks @loader_path/Frameworks";
				PRODUCT_BUNDLE_IDENTIFIER = "math-miki.tutrial-demo-2Tests";
				PRODUCT_NAME = "$(TARGET_NAME)";
				TEST_HOST = "$(BUILT_PRODUCTS_DIR)/tutrial_demo_2.app/tutrial_demo_2";
			};
			name = Release;
		};
		81AF1C081C2318A9007A379D /* Debug */ = {
			isa = XCBuildConfiguration;
			buildSettings = {
				INFOPLIST_FILE = tutrial_demo_2UITests/Info.plist;
				LD_RUNPATH_SEARCH_PATHS = "$(inherited) @executable_path/Frameworks @loader_path/Frameworks";
				PRODUCT_BUNDLE_IDENTIFIER = "math-miki.tutrial-demo-2UITests";
				PRODUCT_NAME = "$(TARGET_NAME)";
				TEST_TARGET_NAME = tutrial_demo_2;
				USES_XCTRUNNER = YES;
			};
			name = Debug;
		};
		81AF1C091C2318A9007A379D /* Release */ = {
			isa = XCBuildConfiguration;
			buildSettings = {
				INFOPLIST_FILE = tutrial_demo_2UITests/Info.plist;
				LD_RUNPATH_SEARCH_PATHS = "$(inherited) @executable_path/Frameworks @loader_path/Frameworks";
				PRODUCT_BUNDLE_IDENTIFIER = "math-miki.tutrial-demo-2UITests";
				PRODUCT_NAME = "$(TARGET_NAME)";
				TEST_TARGET_NAME = tutrial_demo_2;
				USES_XCTRUNNER = YES;
			};
			name = Release;
		};
/* End XCBuildConfiguration section */

/* Begin XCConfigurationList section */
		81AF1BCC1C2318A9007A379D /* Build configuration list for PBXProject "tutrial_demo_2" */ = {
			isa = XCConfigurationList;
			buildConfigurations = (
				81AF1BFF1C2318A9007A379D /* Debug */,
				81AF1C001C2318A9007A379D /* Release */,
			);
			defaultConfigurationIsVisible = 0;
			defaultConfigurationName = Release;
		};
		81AF1C011C2318A9007A379D /* Build configuration list for PBXNativeTarget "tutrial_demo_2" */ = {
			isa = XCConfigurationList;
			buildConfigurations = (
				81AF1C021C2318A9007A379D /* Debug */,
				81AF1C031C2318A9007A379D /* Release */,
			);
			defaultConfigurationIsVisible = 0;
			defaultConfigurationName = Release;
		};
		81AF1C041C2318A9007A379D /* Build configuration list for PBXNativeTarget "tutrial_demo_2Tests" */ = {
			isa = XCConfigurationList;
			buildConfigurations = (
				81AF1C051C2318A9007A379D /* Debug */,
				81AF1C061C2318A9007A379D /* Release */,
			);
			defaultConfigurationIsVisible = 0;
			defaultConfigurationName = Release;
		};
		81AF1C071C2318A9007A379D /* Build configuration list for PBXNativeTarget "tutrial_demo_2UITests" */ = {
			isa = XCConfigurationList;
			buildConfigurations = (
				81AF1C081C2318A9007A379D /* Debug */,
				81AF1C091C2318A9007A379D /* Release */,
			);
			defaultConfigurationIsVisible = 0;
			defaultConfigurationName = Release;
		};
/* End XCConfigurationList section */

/* Begin XCVersionGroup section */
		81AF1BE01C2318A9007A379D /* tutrial_demo_2.xcdatamodeld */ = {
			isa = XCVersionGroup;
			children = (
				81AF1BE11C2318A9007A379D /* tutrial_demo_2.xcdatamodel */,
			);
			currentVersion = 81AF1BE11C2318A9007A379D /* tutrial_demo_2.xcdatamodel */;
			path = tutrial_demo_2.xcdatamodeld;
			sourceTree = "<group>";
			versionGroupType = wrapper.xcdatamodel;
		};
/* End XCVersionGroup section */
	};
	rootObject = 81AF1BC91C2318A9007A379D /* Project object */;
}
